// !$*UTF8*$!
{
	archiveVersion = 1;
	classes = {
	};
	objectVersion = 55;
	objects = {

/* Begin PBXBuildFile section */
		A75827D5284229E80019AF32 /* Ink in Frameworks */ = {isa = PBXBuildFile; productRef = A75827D4284229E80019AF32 /* Ink */; };
		A75827D928422B780019AF32 /* WebView.swift in Sources */ = {isa = PBXBuildFile; fileRef = A75827D828422B780019AF32 /* WebView.swift */; };
		A75827DF284253A60019AF32 /* Style.css in Resources */ = {isa = PBXBuildFile; fileRef = A75827DE284253A60019AF32 /* Style.css */; };
		A75827E528425E150019AF32 /* README.md in Resources */ = {isa = PBXBuildFile; fileRef = A75827E428425E150019AF32 /* README.md */; };
		A7C99DF8283B8B890039A4AC /* MarkdownEditorApp.swift in Sources */ = {isa = PBXBuildFile; fileRef = A7C99DF7283B8B890039A4AC /* MarkdownEditorApp.swift */; };
		A7C99DFA283B8B890039A4AC /* ContentView.swift in Sources */ = {isa = PBXBuildFile; fileRef = A7C99DF9283B8B890039A4AC /* ContentView.swift */; };
		A7C99DFC283B8B8A0039A4AC /* Assets.xcassets in Resources */ = {isa = PBXBuildFile; fileRef = A7C99DFB283B8B8A0039A4AC /* Assets.xcassets */; };
		A7C99DFF283B8B8A0039A4AC /* Preview Assets.xcassets in Resources */ = {isa = PBXBuildFile; fileRef = A7C99DFE283B8B8A0039A4AC /* Preview Assets.xcassets */; };
		A7C99E07283B943E0039A4AC /* TextEditorView.swift in Sources */ = {isa = PBXBuildFile; fileRef = A7C99E06283B943E0039A4AC /* TextEditorView.swift */; };
/* End PBXBuildFile section */

/* Begin PBXFileReference section */
		A75827D828422B780019AF32 /* WebView.swift */ = {isa = PBXFileReference; lastKnownFileType = sourcecode.swift; path = WebView.swift; sourceTree = "<group>"; };
		A75827DE284253A60019AF32 /* Style.css */ = {isa = PBXFileReference; fileEncoding = 4; lastKnownFileType = text.css; path = Style.css; sourceTree = "<group>"; };
		A75827E428425E150019AF32 /* README.md */ = {isa = PBXFileReference; fileEncoding = 4; lastKnownFileType = net.daringfireball.markdown; path = README.md; sourceTree = "<group>"; };
		A7C99DF4283B8B890039A4AC /* MarkdownEditor.app */ = {isa = PBXFileReference; explicitFileType = wrapper.application; includeInIndex = 0; path = MarkdownEditor.app; sourceTree = BUILT_PRODUCTS_DIR; };
		A7C99DF7283B8B890039A4AC /* MarkdownEditorApp.swift */ = {isa = PBXFileReference; lastKnownFileType = sourcecode.swift; path = MarkdownEditorApp.swift; sourceTree = "<group>"; };
		A7C99DF9283B8B890039A4AC /* ContentView.swift */ = {isa = PBXFileReference; lastKnownFileType = sourcecode.swift; path = ContentView.swift; sourceTree = "<group>"; };
		A7C99DFB283B8B8A0039A4AC /* Assets.xcassets */ = {isa = PBXFileReference; lastKnownFileType = folder.assetcatalog; path = Assets.xcassets; sourceTree = "<group>"; };
		A7C99DFE283B8B8A0039A4AC /* Preview Assets.xcassets */ = {isa = PBXFileReference; lastKnownFileType = folder.assetcatalog; path = "Preview Assets.xcassets"; sourceTree = "<group>"; };
		A7C99E00283B8B8A0039A4AC /* MarkdownEditor.entitlements */ = {isa = PBXFileReference; lastKnownFileType = text.plist.entitlements; path = MarkdownEditor.entitlements; sourceTree = "<group>"; };
		A7C99E06283B943E0039A4AC /* TextEditorView.swift */ = {isa = PBXFileReference; lastKnownFileType = sourcecode.swift; path = TextEditorView.swift; sourceTree = "<group>"; };
/* End PBXFileReference section */

/* Begin PBXFrameworksBuildPhase section */
		A7C99DF1283B8B890039A4AC /* Frameworks */ = {
			isa = PBXFrameworksBuildPhase;
			buildActionMask = 2147483647;
			files = (
				A75827D5284229E80019AF32 /* Ink in Frameworks */,
			);
			runOnlyForDeploymentPostprocessing = 0;
		};
/* End PBXFrameworksBuildPhase section */

/* Begin PBXGroup section */
		A75827E3284257040019AF32 /* Views */ = {
			isa = PBXGroup;
			children = (
				A7C99E06283B943E0039A4AC /* TextEditorView.swift */,
				A75827D828422B780019AF32 /* WebView.swift */,
				A75827DE284253A60019AF32 /* Style.css */,
			);
			path = Views;
			sourceTree = "<group>";
		};
		A7C99DEB283B8B890039A4AC = {
			isa = PBXGroup;
			children = (
				A75827E428425E150019AF32 /* README.md */,
				A7C99DF6283B8B890039A4AC /* MarkdownEditor */,
				A7C99DF5283B8B890039A4AC /* Products */,
			);
			sourceTree = "<group>";
		};
		A7C99DF5283B8B890039A4AC /* Products */ = {
			isa = PBXGroup;
			children = (
				A7C99DF4283B8B890039A4AC /* MarkdownEditor.app */,
			);
			name = Products;
			sourceTree = "<group>";
		};
		A7C99DF6283B8B890039A4AC /* MarkdownEditor */ = {
			isa = PBXGroup;
			children = (
				A75827E3284257040019AF32 /* Views */,
				A7C99DF7283B8B890039A4AC /* MarkdownEditorApp.swift */,
				A7C99DF9283B8B890039A4AC /* ContentView.swift */,
				A7C99DFB283B8B8A0039A4AC /* Assets.xcassets */,
				A7C99E00283B8B8A0039A4AC /* MarkdownEditor.entitlements */,
				A7C99DFD283B8B8A0039A4AC /* Preview Content */,
			);
			path = MarkdownEditor;
			sourceTree = "<group>";
		};
		A7C99DFD283B8B8A0039A4AC /* Preview Content */ = {
			isa = PBXGroup;
			children = (
				A7C99DFE283B8B8A0039A4AC /* Preview Assets.xcassets */,
			);
			path = "Preview Content";
			sourceTree = "<group>";
		};
/* End PBXGroup section */

/* Begin PBXNativeTarget section */
		A7C99DF3283B8B890039A4AC /* MarkdownEditor */ = {
			isa = PBXNativeTarget;
			buildConfigurationList = A7C99E03283B8B8A0039A4AC /* Build configuration list for PBXNativeTarget "MarkdownEditor" */;
			buildPhases = (
				A7C99DF0283B8B890039A4AC /* Sources */,
				A7C99DF1283B8B890039A4AC /* Frameworks */,
				A7C99DF2283B8B890039A4AC /* Resources */,
			);
			buildRules = (
			);
			dependencies = (
			);
			name = MarkdownEditor;
			packageProductDependencies = (
				A75827D4284229E80019AF32 /* Ink */,
			);
			productName = MarkdownEditor;
			productReference = A7C99DF4283B8B890039A4AC /* MarkdownEditor.app */;
			productType = "com.apple.product-type.application";
		};
/* End PBXNativeTarget section */

/* Begin PBXProject section */
		A7C99DEC283B8B890039A4AC /* Project object */ = {
			isa = PBXProject;
			attributes = {
				BuildIndependentTargetsInParallel = 1;
				LastSwiftUpdateCheck = 1340;
				LastUpgradeCheck = 1340;
				TargetAttributes = {
					A7C99DF3283B8B890039A4AC = {
						CreatedOnToolsVersion = 13.4;
					};
				};
			};
			buildConfigurationList = A7C99DEF283B8B890039A4AC /* Build configuration list for PBXProject "MarkdownEditor" */;
			compatibilityVersion = "Xcode 13.0";
			developmentRegion = en;
			hasScannedForEncodings = 0;
			knownRegions = (
				en,
				Base,
			);
			mainGroup = A7C99DEB283B8B890039A4AC;
			packageReferences = (
				A75827D3284229E80019AF32 /* XCRemoteSwiftPackageReference "ink" */,
			);
			productRefGroup = A7C99DF5283B8B890039A4AC /* Products */;
			projectDirPath = "";
			projectRoot = "";
			targets = (
				A7C99DF3283B8B890039A4AC /* MarkdownEditor */,
			);
		};
/* End PBXProject section */

/* Begin PBXResourcesBuildPhase section */
		A7C99DF2283B8B890039A4AC /* Resources */ = {
			isa = PBXResourcesBuildPhase;
			buildActionMask = 2147483647;
			files = (
				A7C99DFF283B8B8A0039A4AC /* Preview Assets.xcassets in Resources */,
				A7C99DFC283B8B8A0039A4AC /* Assets.xcassets in Resources */,
				A75827E528425E150019AF32 /* README.md in Resources */,
				A75827DF284253A60019AF32 /* Style.css in Resources */,
			);
			runOnlyForDeploymentPostprocessing = 0;
		};
/* End PBXResourcesBuildPhase section */

/* Begin PBXSourcesBuildPhase section */
		A7C99DF0283B8B890039A4AC /* Sources */ = {
			isa = PBXSourcesBuildPhase;
			buildActionMask = 2147483647;
			files = (
				A7C99DFA283B8B890039A4AC /* ContentView.swift in Sources */,
				A75827D928422B780019AF32 /* WebView.swift in Sources */,
				A7C99E07283B943E0039A4AC /* TextEditorView.swift in Sources */,
				A7C99DF8283B8B890039A4AC /* MarkdownEditorApp.swift in Sources */,
			);
			runOnlyForDeploymentPostprocessing = 0;
		};
/* End PBXSourcesBuildPhase section */

/* Begin XCBuildConfiguration section */
		A7C99E01283B8B8A0039A4AC /* Debug */ = {
			isa = XCBuildConfiguration;
			buildSettings = {
				ALWAYS_SEARCH_USER_PATHS = NO;
				CLANG_ANALYZER_NONNULL = YES;
				CLANG_ANALYZER_NUMBER_OBJECT_CONVERSION = YES_AGGRESSIVE;
				CLANG_CXX_LANGUAGE_STANDARD = "gnu++17";
				CLANG_ENABLE_MODULES = YES;
				CLANG_ENABLE_OBJC_ARC = YES;
				CLANG_ENABLE_OBJC_WEAK = YES;
				CLANG_WARN_BLOCK_CAPTURE_AUTORELEASING = YES;
				CLANG_WARN_BOOL_CONVERSION = YES;
				CLANG_WARN_COMMA = YES;
				CLANG_WARN_CONSTANT_CONVERSION = YES;
				CLANG_WARN_DEPRECATED_OBJC_IMPLEMENTATIONS = YES;
				CLANG_WARN_DIRECT_OBJC_ISA_USAGE = YES_ERROR;
				CLANG_WARN_DOCUMENTATION_COMMENTS = YES;
				CLANG_WARN_EMPTY_BODY = YES;
				CLANG_WARN_ENUM_CONVERSION = YES;
				CLANG_WARN_INFINITE_RECURSION = YES;
				CLANG_WARN_INT_CONVERSION = YES;
				CLANG_WARN_NON_LITERAL_NULL_CONVERSION = YES;
				CLANG_WARN_OBJC_IMPLICIT_RETAIN_SELF = YES;
				CLANG_WARN_OBJC_LITERAL_CONVERSION = YES;
				CLANG_WARN_OBJC_ROOT_CLASS = YES_ERROR;
				CLANG_WARN_QUOTED_INCLUDE_IN_FRAMEWORK_HEADER = YES;
				CLANG_WARN_RANGE_LOOP_ANALYSIS = YES;
				CLANG_WARN_STRICT_PROTOTYPES = YES;
				CLANG_WARN_SUSPICIOUS_MOVE = YES;
				CLANG_WARN_UNGUARDED_AVAILABILITY = YES_AGGRESSIVE;
				CLANG_WARN_UNREACHABLE_CODE = YES;
				CLANG_WARN__DUPLICATE_METHOD_MATCH = YES;
				COPY_PHASE_STRIP = NO;
				DEBUG_INFORMATION_FORMAT = dwarf;
				ENABLE_STRICT_OBJC_MSGSEND = YES;
				ENABLE_TESTABILITY = YES;
				GCC_C_LANGUAGE_STANDARD = gnu11;
				GCC_DYNAMIC_NO_PIC = NO;
				GCC_NO_COMMON_BLOCKS = YES;
				GCC_OPTIMIZATION_LEVEL = 0;
				GCC_PREPROCESSOR_DEFINITIONS = (
					"DEBUG=1",
					"$(inherited)",
				);
				GCC_WARN_64_TO_32_BIT_CONVERSION = YES;
				GCC_WARN_ABOUT_RETURN_TYPE = YES_ERROR;
				GCC_WARN_UNDECLARED_SELECTOR = YES;
				GCC_WARN_UNINITIALIZED_AUTOS = YES_AGGRESSIVE;
				GCC_WARN_UNUSED_FUNCTION = YES;
				GCC_WARN_UNUSED_VARIABLE = YES;
				MACOSX_DEPLOYMENT_TARGET = 12.3;
				MTL_ENABLE_DEBUG_INFO = INCLUDE_SOURCE;
				MTL_FAST_MATH = YES;
				ONLY_ACTIVE_ARCH = YES;
				SDKROOT = macosx;
				SWIFT_ACTIVE_COMPILATION_CONDITIONS = DEBUG;
				SWIFT_OPTIMIZATION_LEVEL = "-Onone";
			};
			name = Debug;
		};
		A7C99E02283B8B8A0039A4AC /* Release */ = {
			isa = XCBuildConfiguration;
			buildSettings = {
				ALWAYS_SEARCH_USER_PATHS = NO;
				CLANG_ANALYZER_NONNULL = YES;
				CLANG_ANALYZER_NUMBER_OBJECT_CONVERSION = YES_AGGRESSIVE;
				CLANG_CXX_LANGUAGE_STANDARD = "gnu++17";
				CLANG_ENABLE_MODULES = YES;
				CLANG_ENABLE_OBJC_ARC = YES;
				CLANG_ENABLE_OBJC_WEAK = YES;
				CLANG_WARN_BLOCK_CAPTURE_AUTORELEASING = YES;
				CLANG_WARN_BOOL_CONVERSION = YES;
				CLANG_WARN_COMMA = YES;
				CLANG_WARN_CONSTANT_CONVERSION = YES;
				CLANG_WARN_DEPRECATED_OBJC_IMPLEMENTATIONS = YES;
				CLANG_WARN_DIRECT_OBJC_ISA_USAGE = YES_ERROR;
				CLANG_WARN_DOCUMENTATION_COMMENTS = YES;
				CLANG_WARN_EMPTY_BODY = YES;
				CLANG_WARN_ENUM_CONVERSION = YES;
				CLANG_WARN_INFINITE_RECURSION = YES;
				CLANG_WARN_INT_CONVERSION = YES;
				CLANG_WARN_NON_LITERAL_NULL_CONVERSION = YES;
				CLANG_WARN_OBJC_IMPLICIT_RETAIN_SELF = YES;
				CLANG_WARN_OBJC_LITERAL_CONVERSION = YES;
				CLANG_WARN_OBJC_ROOT_CLASS = YES_ERROR;
				CLANG_WARN_QUOTED_INCLUDE_IN_FRAMEWORK_HEADER = YES;
				CLANG_WARN_RANGE_LOOP_ANALYSIS = YES;
				CLANG_WARN_STRICT_PROTOTYPES = YES;
				CLANG_WARN_SUSPICIOUS_MOVE = YES;
				CLANG_WARN_UNGUARDED_AVAILABILITY = YES_AGGRESSIVE;
				CLANG_WARN_UNREACHABLE_CODE = YES;
				CLANG_WARN__DUPLICATE_METHOD_MATCH = YES;
				COPY_PHASE_STRIP = NO;
				DEBUG_INFORMATION_FORMAT = "dwarf-with-dsym";
				ENABLE_NS_ASSERTIONS = NO;
				ENABLE_STRICT_OBJC_MSGSEND = YES;
				GCC_C_LANGUAGE_STANDARD = gnu11;
				GCC_NO_COMMON_BLOCKS = YES;
				GCC_WARN_64_TO_32_BIT_CONVERSION = YES;
				GCC_WARN_ABOUT_RETURN_TYPE = YES_ERROR;
				GCC_WARN_UNDECLARED_SELECTOR = YES;
				GCC_WARN_UNINITIALIZED_AUTOS = YES_AGGRESSIVE;
				GCC_WARN_UNUSED_FUNCTION = YES;
				GCC_WARN_UNUSED_VARIABLE = YES;
				MACOSX_DEPLOYMENT_TARGET = 12.3;
				MTL_ENABLE_DEBUG_INFO = NO;
				MTL_FAST_MATH = YES;
				SDKROOT = macosx;
				SWIFT_COMPILATION_MODE = wholemodule;
				SWIFT_OPTIMIZATION_LEVEL = "-O";
			};
			name = Release;
		};
		A7C99E04283B8B8A0039A4AC /* Debug */ = {
			isa = XCBuildConfiguration;
			buildSettings = {
				ASSETCATALOG_COMPILER_APPICON_NAME = AppIcon;
				ASSETCATALOG_COMPILER_GLOBAL_ACCENT_COLOR_NAME = AccentColor;
				CODE_SIGN_ENTITLEMENTS = MarkdownEditor/MarkdownEditor.entitlements;
				CODE_SIGN_STYLE = Automatic;
				COMBINE_HIDPI_IMAGES = YES;
				CURRENT_PROJECT_VERSION = 1;
				DEVELOPMENT_ASSET_PATHS = "\"MarkdownEditor/Preview Content\"";
				DEVELOPMENT_TEAM = DD3Q65FSP4;
				ENABLE_HARDENED_RUNTIME = YES;
				ENABLE_PREVIEWS = YES;
				GENERATE_INFOPLIST_FILE = YES;
				INFOPLIST_KEY_NSHumanReadableCopyright = "";
				LD_RUNPATH_SEARCH_PATHS = (
					"$(inherited)",
					"@executable_path/../Frameworks",
				);
				MARKETING_VERSION = 1.0;
				PRODUCT_BUNDLE_IDENTIFIER = kuko.MarkdownEditor;
				PRODUCT_NAME = "$(TARGET_NAME)";
				SWIFT_EMIT_LOC_STRINGS = YES;
				SWIFT_VERSION = 5.0;
			};
			name = Debug;
		};
		A7C99E05283B8B8A0039A4AC /* Release */ = {
			isa = XCBuildConfiguration;
			buildSettings = {
				ASSETCATALOG_COMPILER_APPICON_NAME = AppIcon;
				ASSETCATALOG_COMPILER_GLOBAL_ACCENT_COLOR_NAME = AccentColor;
				CODE_SIGN_ENTITLEMENTS = MarkdownEditor/MarkdownEditor.entitlements;
				CODE_SIGN_STYLE = Automatic;
				COMBINE_HIDPI_IMAGES = YES;
				CURRENT_PROJECT_VERSION = 1;
				DEVELOPMENT_ASSET_PATHS = "\"MarkdownEditor/Preview Content\"";
				DEVELOPMENT_TEAM = DD3Q65FSP4;
				ENABLE_HARDENED_RUNTIME = YES;
				ENABLE_PREVIEWS = YES;
				GENERATE_INFOPLIST_FILE = YES;
				INFOPLIST_KEY_NSHumanReadableCopyright = "";
				LD_RUNPATH_SEARCH_PATHS = (
					"$(inherited)",
					"@executable_path/../Frameworks",
				);
				MARKETING_VERSION = 1.0;
				PRODUCT_BUNDLE_IDENTIFIER = kuko.MarkdownEditor;
				PRODUCT_NAME = "$(TARGET_NAME)";
				SWIFT_EMIT_LOC_STRINGS = YES;
				SWIFT_VERSION = 5.0;
			};
			name = Release;
		};
/* End XCBuildConfiguration section */

/* Begin XCConfigurationList section */
		A7C99DEF283B8B890039A4AC /* Build configuration list for PBXProject "MarkdownEditor" */ = {
			isa = XCConfigurationList;
			buildConfigurations = (
				A7C99E01283B8B8A0039A4AC /* Debug */,
				A7C99E02283B8B8A0039A4AC /* Release */,
			);
			defaultConfigurationIsVisible = 0;
			defaultConfigurationName = Release;
		};
		A7C99E03283B8B8A0039A4AC /* Build configuration list for PBXNativeTarget "MarkdownEditor" */ = {
			isa = XCConfigurationList;
			buildConfigurations = (
				A7C99E04283B8B8A0039A4AC /* Debug */,
				A7C99E05283B8B8A0039A4AC /* Release */,
			);
			defaultConfigurationIsVisible = 0;
			defaultConfigurationName = Release;
		};
/* End XCConfigurationList section */

/* Begin XCRemoteSwiftPackageReference section */
		A75827D3284229E80019AF32 /* XCRemoteSwiftPackageReference "ink" */ = {
			isa = XCRemoteSwiftPackageReference;
			repositoryURL = "https://github.com/johnsundell/ink.git";
			requirement = {
				kind = upToNextMajorVersion;
				minimumVersion = 0.5.1;
			};
		};
/* End XCRemoteSwiftPackageReference section */

/* Begin XCSwiftPackageProductDependency section */
		A75827D4284229E80019AF32 /* Ink */ = {
			isa = XCSwiftPackageProductDependency;
			package = A75827D3284229E80019AF32 /* XCRemoteSwiftPackageReference "ink" */;
			productName = Ink;
		};
/* End XCSwiftPackageProductDependency section */
	};
	rootObject = A7C99DEC283B8B890039A4AC /* Project object */;
}
